
Microsoft Visual Studio Solution File, Format Version 12.00
# Visual Studio 15
VisualStudioVersion = 15.0.28307.572
MinimumVisualStudioVersion = 10.0.40219.1
Project("{FAE04EC0-301F-11D3-BF4B-00C04F79EFBC}") = "CsharpRTM", "CsharpRTM\CsharpRTM.csproj", "{A26B452E-538A-4E35-9803-5B7F77EC3DDA}"
EndProject
Global
	GlobalSection(SolutionConfigurationPlatforms) = preSolution
		Debug|Any CPU = Debug|Any CPU
		Release|Any CPU = Release|Any CPU
	EndGlobalSection
	GlobalSection(ProjectConfigurationPlatforms) = postSolution
		{A26B452E-538A-4E35-9803-5B7F77EC3DDA}.Debug|Any CPU.ActiveCfg = Debug|Any CPU
		{A26B452E-538A-4E35-9803-5B7F77EC3DDA}.Debug|Any CPU.Build.0 = Debug|Any CPU
		{A26B452E-538A-4E35-9803-5B7F77EC3DDA}.Release|Any CPU.ActiveCfg = Release|Any CPU
		{A26B452E-538A-4E35-9803-5B7F77EC3DDA}.Release|Any CPU.Build.0 = Release|Any CPU
	EndGlobalSection
	GlobalSection(SolutionProperties) = preSolution
		HideSolutionNode = FALSE
	EndGlobalSection
	GlobalSection(ExtensibilityGlobals) = postSolution
		SolutionGuid = {A48E7B68-504F-4A90-9910-BE5AC1369FDB}
	EndGlobalSection
EndGlobal
